
Microsoft Visual Studio Solution File, Format Version 12.00
# Visual Studio Version 16
VisualStudioVersion = 16.0.29424.173
MinimumVisualStudioVersion = 10.0.40219.1
Project("{FAE04EC0-301F-11D3-BF4B-00C04F79EFBC}") = "Cashflow.Api", "Cashflow.Api\Cashflow.Api.csproj", "{614C5DCD-7E41-4289-A90B-608BCD494747}"
EndProject
Project("{FAE04EC0-301F-11D3-BF4B-00C04F79EFBC}") = "Cashflow.Domain", "Cashflow.Domain\Cashflow.Domain.csproj", "{AF44B034-8EFD-465F-9A57-D9036A76EFF9}"
EndProject
Project("{FAE04EC0-301F-11D3-BF4B-00C04F79EFBC}") = "Cashflow.Common", "Cashflow.Common\Cashflow.Common.csproj", "{F48F12A7-8B79-435B-A80C-C1B537CDCAF5}"
EndProject
Project("{FAE04EC0-301F-11D3-BF4B-00C04F79EFBC}") = "Cashflow.Infrastructure", "Cashflow.Infrastructure\Cashflow.Infrastructure.csproj", "{02A7EAE1-6159-4454-8B23-3E6D3915F0BC}"
EndProject
Project("{FAE04EC0-301F-11D3-BF4B-00C04F79EFBC}") = "Cashflow.Core", "Cashflow.Core\Cashflow.Core.csproj", "{B61AAB2D-2FB6-4992-BDA0-63D146718F5B}"
EndProject
Global
	GlobalSection(SolutionConfigurationPlatforms) = preSolution
		Debug|Any CPU = Debug|Any CPU
		Release|Any CPU = Release|Any CPU
	EndGlobalSection
	GlobalSection(ProjectConfigurationPlatforms) = postSolution
		{614C5DCD-7E41-4289-A90B-608BCD494747}.Debug|Any CPU.ActiveCfg = Debug|Any CPU
		{614C5DCD-7E41-4289-A90B-608BCD494747}.Debug|Any CPU.Build.0 = Debug|Any CPU
		{614C5DCD-7E41-4289-A90B-608BCD494747}.Release|Any CPU.ActiveCfg = Release|Any CPU
		{614C5DCD-7E41-4289-A90B-608BCD494747}.Release|Any CPU.Build.0 = Release|Any CPU
		{AF44B034-8EFD-465F-9A57-D9036A76EFF9}.Debug|Any CPU.ActiveCfg = Debug|Any CPU
		{AF44B034-8EFD-465F-9A57-D9036A76EFF9}.Debug|Any CPU.Build.0 = Debug|Any CPU
		{AF44B034-8EFD-465F-9A57-D9036A76EFF9}.Release|Any CPU.ActiveCfg = Release|Any CPU
		{AF44B034-8EFD-465F-9A57-D9036A76EFF9}.Release|Any CPU.Build.0 = Release|Any CPU
		{F48F12A7-8B79-435B-A80C-C1B537CDCAF5}.Debug|Any CPU.ActiveCfg = Debug|Any CPU
		{F48F12A7-8B79-435B-A80C-C1B537CDCAF5}.Debug|Any CPU.Build.0 = Debug|Any CPU
		{F48F12A7-8B79-435B-A80C-C1B537CDCAF5}.Release|Any CPU.ActiveCfg = Release|Any CPU
		{F48F12A7-8B79-435B-A80C-C1B537CDCAF5}.Release|Any CPU.Build.0 = Release|Any CPU
		{02A7EAE1-6159-4454-8B23-3E6D3915F0BC}.Debug|Any CPU.ActiveCfg = Debug|Any CPU
		{02A7EAE1-6159-4454-8B23-3E6D3915F0BC}.Debug|Any CPU.Build.0 = Debug|Any CPU
		{02A7EAE1-6159-4454-8B23-3E6D3915F0BC}.Release|Any CPU.ActiveCfg = Release|Any CPU
		{02A7EAE1-6159-4454-8B23-3E6D3915F0BC}.Release|Any CPU.Build.0 = Release|Any CPU
		{B61AAB2D-2FB6-4992-BDA0-63D146718F5B}.Debug|Any CPU.ActiveCfg = Debug|Any CPU
		{B61AAB2D-2FB6-4992-BDA0-63D146718F5B}.Debug|Any CPU.Build.0 = Debug|Any CPU
		{B61AAB2D-2FB6-4992-BDA0-63D146718F5B}.Release|Any CPU.ActiveCfg = Release|Any CPU
		{B61AAB2D-2FB6-4992-BDA0-63D146718F5B}.Release|Any CPU.Build.0 = Release|Any CPU
	EndGlobalSection
	GlobalSection(SolutionProperties) = preSolution
		HideSolutionNode = FALSE
	EndGlobalSection
	GlobalSection(ExtensibilityGlobals) = postSolution
		SolutionGuid = {26342F05-5231-486B-A826-6CDCBE57BE7D}
	EndGlobalSection
EndGlobal
